
Microsoft Visual Studio Solution File, Format Version 12.00
# Visual Studio 15
VisualStudioVersion = 15.0.26730.12
MinimumVisualStudioVersion = 10.0.40219.1
Project("{FAE04EC0-301F-11D3-BF4B-00C04F79EFBC}") = "StoatRecognizer", "StoatRecognizer\StoatRecognizer.csproj", "{40545DFF-1AEE-4662-8353-6376F42A4431}"
EndProject
Global
	GlobalSection(SolutionConfigurationPlatforms) = preSolution
		Debug|Any CPU = Debug|Any CPU
		Release|Any CPU = Release|Any CPU
	EndGlobalSection
	GlobalSection(ProjectConfigurationPlatforms) = postSolution
		{40545DFF-1AEE-4662-8353-6376F42A4431}.Debug|Any CPU.ActiveCfg = Debug|Any CPU
		{40545DFF-1AEE-4662-8353-6376F42A4431}.Debug|Any CPU.Build.0 = Debug|Any CPU
		{40545DFF-1AEE-4662-8353-6376F42A4431}.Release|Any CPU.ActiveCfg = Release|Any CPU
		{40545DFF-1AEE-4662-8353-6376F42A4431}.Release|Any CPU.Build.0 = Release|Any CPU
	EndGlobalSection
	GlobalSection(SolutionProperties) = preSolution
		HideSolutionNode = FALSE
	EndGlobalSection
	GlobalSection(ExtensibilityGlobals) = postSolution
		SolutionGuid = {FE5B38BB-D7C1-43D6-8844-E96AC0D4B345}
	EndGlobalSection
EndGlobal
